schema: '2.0'
stages:
  train:
    cmd: set PYTHONPATH=%CD% && python training/train.py
    deps:
    - path: data
      hash: md5
      md5: fb7c3e0256263519b09db0cf8fda2e56.dir
      size: 20447788
      nfiles: 15
    - path: training/preprocess.py
      hash: md5
      md5: ee7b7699773fa9101e6bb0522f827dc2
      size: 4671
    - path: training/train.py
      hash: md5
      md5: 44df403776fa43608363c831dd9e068f
      size: 3709
    - path: utils/config_loader.py
      hash: md5
      md5: 515ea469cecc0e86a2e315f2d8ea091a
      size: 400
    outs:
    - path: artifacts/label_encoder.joblib
      hash: md5
      md5: 2b71f9d67dcde76015a53be8ade9dd1a
      size: 506
    - path: artifacts/ohe_encoder.joblib
      hash: md5
      md5: 94e1b17a0c750ee39e6eb117191752ed
      size: 2830
    - path: artifacts/rf_pitch_model.joblib
      hash: md5
      md5: 5868c02026891191d40d2ea1bb10cd84
      size: 39882341
