schema: '2.0'
stages:
  train:
    cmd: set PYTHONPATH=%CD% && python training/train.py
    deps:
    - path: data
      hash: md5
      md5: fb7c3e0256263519b09db0cf8fda2e56.dir
      size: 20447788
      nfiles: 15
    - path: training/preprocess.py
      hash: md5
      md5: 3c640e89d2055a30983c08de7ea7f5c0
      size: 4129
    - path: training/train.py
      hash: md5
      md5: 60b8f134177637c121c02ca1431269b7
      size: 1800
    - path: utils/config_loader.py
      hash: md5
      md5: 515ea469cecc0e86a2e315f2d8ea091a
      size: 400
    outs:
    - path: artifacts/label_encoder.joblib
      hash: md5
      md5: d8beebc86f69cff9931deaccce83f812
      size: 657
    - path: artifacts/ohe_encoder.joblib
      hash: md5
      md5: 7307ae130c9257fbb604e45f416ad69e
      size: 2842
    - path: artifacts/rf_pitch_model.joblib
      hash: md5
      md5: 57ddc8349c599de525d6b6b07454c6b8
      size: 456791777
